
Microsoft Visual Studio Solution File, Format Version 12.00
# Visual Studio Version 17
VisualStudioVersion = 17.1.32319.34
MinimumVisualStudioVersion = 10.0.40219.1
Project("{2150E333-8FDC-42A3-9474-1A3956D46DE8}") = "Services", "Services", "{8444482C-D25B-478B-B712-0A9BDCF3E3CF}"
EndProject
Project("{2150E333-8FDC-42A3-9474-1A3956D46DE8}") = "Catalog", "Catalog", "{EF35F93C-3D6A-4BF8-A1BC-CDAF750EF9CE}"
EndProject
Project("{9A19103F-16F7-4668-BE54-9A1E7A4F7556}") = "Catalog.API", "Services\Catalog\Catalog.API\Catalog.API.csproj", "{CD1C6A22-6351-4CDA-8C7A-43A98B0D6C85}"
EndProject
Project("{E53339B2-1760-4266-BCC7-CA923CBCF16C}") = "docker-compose", "docker-compose.dcproj", "{7CE0EAF3-AED6-4EE8-ABFF-B8C5CF968CA5}"
EndProject
Project("{2150E333-8FDC-42A3-9474-1A3956D46DE8}") = "Basket", "Basket", "{8DF6C15B-6967-4E41-B253-5974F26D673A}"
EndProject
Project("{9A19103F-16F7-4668-BE54-9A1E7A4F7556}") = "Basket.API", "Services\Basket\Basket.API\Basket.API.csproj", "{1012BF6A-FFA9-4F42-AD06-BDAD864363E5}"
EndProject
Project("{2150E333-8FDC-42A3-9474-1A3956D46DE8}") = "Discount", "Discount", "{2E027FEA-27AE-4CEA-ACD0-83AE033A8755}"
EndProject
Project("{9A19103F-16F7-4668-BE54-9A1E7A4F7556}") = "Discount.API", "Services\Discount\Discount.API\Discount.API.csproj", "{9D780FF6-6ED6-4CA2-A2D0-E198F62923CB}"
EndProject
Project("{9A19103F-16F7-4668-BE54-9A1E7A4F7556}") = "Discount.Grpc", "Services\Discount\Discount.Grpc\Discount.Grpc.csproj", "{18F99EA5-CE12-48A1-9EC0-E8B8130DBA06}"
EndProject
Project("{2150E333-8FDC-42A3-9474-1A3956D46DE8}") = "Ordering", "Ordering", "{EA6C2B63-9A96-4B7D-A6E4-FBEFADCB15CC}"
EndProject
Project("{9A19103F-16F7-4668-BE54-9A1E7A4F7556}") = "Ordering.API", "Services\Ordering\Ordering.API\Ordering.API.csproj", "{1404940E-5E5D-4AF2-A02D-5F18EF85F26D}"
EndProject
Project("{9A19103F-16F7-4668-BE54-9A1E7A4F7556}") = "Ordering.Domain", "Services\Ordering\Ordering.Domain\Ordering.Domain.csproj", "{E015C180-8CF3-4174-8822-9F25D252E97E}"
EndProject
Project("{9A19103F-16F7-4668-BE54-9A1E7A4F7556}") = "Ordering.Application", "Services\Ordering\Ordering.Application\Ordering.Application.csproj", "{EFC36627-5E47-4917-94E7-949BC658DCD3}"
EndProject
Project("{9A19103F-16F7-4668-BE54-9A1E7A4F7556}") = "Ordering.Infrastructure", "Services\Ordering\Ordering.Infrastructure\Ordering.Infrastructure.csproj", "{A3D77FBA-5934-4EF1-BA68-CA33E5E06822}"
EndProject
Project("{2150E333-8FDC-42A3-9474-1A3956D46DE8}") = "BuildingBlocks", "BuildingBlocks", "{32048D11-F8FB-4A8A-B16F-788831B64902}"
EndProject
Project("{9A19103F-16F7-4668-BE54-9A1E7A4F7556}") = "EventBus.Messages", "BuildingBlocks\EventBus.Messages\EventBus.Messages.csproj", "{214D2F5A-FE5B-4377-A1B0-43D7EAAF3078}"
EndProject
Project("{2150E333-8FDC-42A3-9474-1A3956D46DE8}") = "ApiGateways", "ApiGateways", "{7C35BB38-33F8-4417-A657-E14C5E4761CA}"
EndProject
Project("{9A19103F-16F7-4668-BE54-9A1E7A4F7556}") = "OcelotApiGw", "ApiGateways\OcelotApiGw\OcelotApiGw.csproj", "{E9CAEC1B-0FD2-4438-AE8D-B8C3CF358FC9}"
EndProject
Project("{9A19103F-16F7-4668-BE54-9A1E7A4F7556}") = "Shopping.Aggregator", "ApiGateways\Shopping.Aggregator\Shopping.Aggregator.csproj", "{6B39001A-B246-4A31-A040-2223FA0C7218}"
EndProject
Project("{2150E333-8FDC-42A3-9474-1A3956D46DE8}") = "WebApps", "WebApps", "{210A0082-CD27-4B01-936A-7A06D1C86FAF}"
EndProject
Project("{9A19103F-16F7-4668-BE54-9A1E7A4F7556}") = "WebMVC", "WebApps\WebMVC\WebMVC.csproj", "{9C068B9C-127C-43B2-BE86-6CFAF987EBA2}"
EndProject
Project("{2150E333-8FDC-42A3-9474-1A3956D46DE8}") = "tests", "tests", "{852DF5CA-3C07-4889-976E-7EDF383B9A03}"
EndProject
Project("{9A19103F-16F7-4668-BE54-9A1E7A4F7556}") = "Basket.API.UnitTests", "Services\Basket\Basket.API.UnitTests\Basket.API.UnitTests.csproj", "{7EAB7C59-793C-44EC-BA26-D29B4E34C5A7}"
EndProject
Project("{2150E333-8FDC-42A3-9474-1A3956D46DE8}") = "tests", "tests", "{D502FDD2-03E6-4C64-9C43-3805CBD4CC79}"
EndProject
Project("{9A19103F-16F7-4668-BE54-9A1E7A4F7556}") = "Catalog.API.UnitTests", "Services\Catalog\Catalog.API.UnitTests\Catalog.API.UnitTests.csproj", "{FA1142DA-D5A8-4977-83CD-3073A6D1F735}"
EndProject
Project("{2150E333-8FDC-42A3-9474-1A3956D46DE8}") = "tests", "tests", "{64412103-7AA2-4DF9-8FF2-84AB95D6B2C8}"
EndProject
Project("{9A19103F-16F7-4668-BE54-9A1E7A4F7556}") = "Discount.API.UnitTests", "Services\Discount\Discount.API.UnitTests\Discount.API.UnitTests.csproj", "{5E57D2CB-9F36-4C6D-9C92-EEF9A0D85353}"
EndProject
Project("{2150E333-8FDC-42A3-9474-1A3956D46DE8}") = "tests", "tests", "{956ABB7A-BD23-4232-8079-247D0A84BC81}"
EndProject
Project("{FAE04EC0-301F-11D3-BF4B-00C04F79EFBC}") = "Ordering.API.UnitTests", "Services\Ordering\Ordering.API.UnitTests\Ordering.API.UnitTests.csproj", "{534298C1-57C2-4380-8548-E9E53919178B}"
EndProject
Project("{FAE04EC0-301F-11D3-BF4B-00C04F79EFBC}") = "Ordering.Application.UnitTests", "Services\Ordering\Ordering.Application.UnitTests\Ordering.Application.UnitTests.csproj", "{B7A06004-CE6F-4FA3-9FBC-15265CFFC53E}"
EndProject
Global
	GlobalSection(SolutionConfigurationPlatforms) = preSolution
		Debug|Any CPU = Debug|Any CPU
		Release|Any CPU = Release|Any CPU
	EndGlobalSection
	GlobalSection(ProjectConfigurationPlatforms) = postSolution
		{CD1C6A22-6351-4CDA-8C7A-43A98B0D6C85}.Debug|Any CPU.ActiveCfg = Debug|Any CPU
		{CD1C6A22-6351-4CDA-8C7A-43A98B0D6C85}.Debug|Any CPU.Build.0 = Debug|Any CPU
		{CD1C6A22-6351-4CDA-8C7A-43A98B0D6C85}.Release|Any CPU.ActiveCfg = Release|Any CPU
		{CD1C6A22-6351-4CDA-8C7A-43A98B0D6C85}.Release|Any CPU.Build.0 = Release|Any CPU
		{7CE0EAF3-AED6-4EE8-ABFF-B8C5CF968CA5}.Debug|Any CPU.ActiveCfg = Debug|Any CPU
		{7CE0EAF3-AED6-4EE8-ABFF-B8C5CF968CA5}.Debug|Any CPU.Build.0 = Debug|Any CPU
		{7CE0EAF3-AED6-4EE8-ABFF-B8C5CF968CA5}.Release|Any CPU.ActiveCfg = Release|Any CPU
		{7CE0EAF3-AED6-4EE8-ABFF-B8C5CF968CA5}.Release|Any CPU.Build.0 = Release|Any CPU
		{1012BF6A-FFA9-4F42-AD06-BDAD864363E5}.Debug|Any CPU.ActiveCfg = Debug|Any CPU
		{1012BF6A-FFA9-4F42-AD06-BDAD864363E5}.Debug|Any CPU.Build.0 = Debug|Any CPU
		{1012BF6A-FFA9-4F42-AD06-BDAD864363E5}.Release|Any CPU.ActiveCfg = Release|Any CPU
		{1012BF6A-FFA9-4F42-AD06-BDAD864363E5}.Release|Any CPU.Build.0 = Release|Any CPU
		{9D780FF6-6ED6-4CA2-A2D0-E198F62923CB}.Debug|Any CPU.ActiveCfg = Debug|Any CPU
		{9D780FF6-6ED6-4CA2-A2D0-E198F62923CB}.Debug|Any CPU.Build.0 = Debug|Any CPU
		{9D780FF6-6ED6-4CA2-A2D0-E198F62923CB}.Release|Any CPU.ActiveCfg = Release|Any CPU
		{9D780FF6-6ED6-4CA2-A2D0-E198F62923CB}.Release|Any CPU.Build.0 = Release|Any CPU
		{18F99EA5-CE12-48A1-9EC0-E8B8130DBA06}.Debug|Any CPU.ActiveCfg = Debug|Any CPU
		{18F99EA5-CE12-48A1-9EC0-E8B8130DBA06}.Debug|Any CPU.Build.0 = Debug|Any CPU
		{18F99EA5-CE12-48A1-9EC0-E8B8130DBA06}.Release|Any CPU.ActiveCfg = Release|Any CPU
		{18F99EA5-CE12-48A1-9EC0-E8B8130DBA06}.Release|Any CPU.Build.0 = Release|Any CPU
		{1404940E-5E5D-4AF2-A02D-5F18EF85F26D}.Debug|Any CPU.ActiveCfg = Debug|Any CPU
		{1404940E-5E5D-4AF2-A02D-5F18EF85F26D}.Debug|Any CPU.Build.0 = Debug|Any CPU
		{1404940E-5E5D-4AF2-A02D-5F18EF85F26D}.Release|Any CPU.ActiveCfg = Release|Any CPU
		{1404940E-5E5D-4AF2-A02D-5F18EF85F26D}.Release|Any CPU.Build.0 = Release|Any CPU
		{E015C180-8CF3-4174-8822-9F25D252E97E}.Debug|Any CPU.ActiveCfg = Debug|Any CPU
		{E015C180-8CF3-4174-8822-9F25D252E97E}.Debug|Any CPU.Build.0 = Debug|Any CPU
		{E015C180-8CF3-4174-8822-9F25D252E97E}.Release|Any CPU.ActiveCfg = Release|Any CPU
		{E015C180-8CF3-4174-8822-9F25D252E97E}.Release|Any CPU.Build.0 = Release|Any CPU
		{EFC36627-5E47-4917-94E7-949BC658DCD3}.Debug|Any CPU.ActiveCfg = Debug|Any CPU
		{EFC36627-5E47-4917-94E7-949BC658DCD3}.Debug|Any CPU.Build.0 = Debug|Any CPU
		{EFC36627-5E47-4917-94E7-949BC658DCD3}.Release|Any CPU.ActiveCfg = Release|Any CPU
		{EFC36627-5E47-4917-94E7-949BC658DCD3}.Release|Any CPU.Build.0 = Release|Any CPU
		{A3D77FBA-5934-4EF1-BA68-CA33E5E06822}.Debug|Any CPU.ActiveCfg = Debug|Any CPU
		{A3D77FBA-5934-4EF1-BA68-CA33E5E06822}.Debug|Any CPU.Build.0 = Debug|Any CPU
		{A3D77FBA-5934-4EF1-BA68-CA33E5E06822}.Release|Any CPU.ActiveCfg = Release|Any CPU
		{A3D77FBA-5934-4EF1-BA68-CA33E5E06822}.Release|Any CPU.Build.0 = Release|Any CPU
		{214D2F5A-FE5B-4377-A1B0-43D7EAAF3078}.Debug|Any CPU.ActiveCfg = Debug|Any CPU
		{214D2F5A-FE5B-4377-A1B0-43D7EAAF3078}.Debug|Any CPU.Build.0 = Debug|Any CPU
		{214D2F5A-FE5B-4377-A1B0-43D7EAAF3078}.Release|Any CPU.ActiveCfg = Release|Any CPU
		{214D2F5A-FE5B-4377-A1B0-43D7EAAF3078}.Release|Any CPU.Build.0 = Release|Any CPU
		{E9CAEC1B-0FD2-4438-AE8D-B8C3CF358FC9}.Debug|Any CPU.ActiveCfg = Debug|Any CPU
		{E9CAEC1B-0FD2-4438-AE8D-B8C3CF358FC9}.Debug|Any CPU.Build.0 = Debug|Any CPU
		{E9CAEC1B-0FD2-4438-AE8D-B8C3CF358FC9}.Release|Any CPU.ActiveCfg = Release|Any CPU
		{E9CAEC1B-0FD2-4438-AE8D-B8C3CF358FC9}.Release|Any CPU.Build.0 = Release|Any CPU
		{6B39001A-B246-4A31-A040-2223FA0C7218}.Debug|Any CPU.ActiveCfg = Debug|Any CPU
		{6B39001A-B246-4A31-A040-2223FA0C7218}.Debug|Any CPU.Build.0 = Debug|Any CPU
		{6B39001A-B246-4A31-A040-2223FA0C7218}.Release|Any CPU.ActiveCfg = Release|Any CPU
		{6B39001A-B246-4A31-A040-2223FA0C7218}.Release|Any CPU.Build.0 = Release|Any CPU
		{9C068B9C-127C-43B2-BE86-6CFAF987EBA2}.Debug|Any CPU.ActiveCfg = Debug|Any CPU
		{9C068B9C-127C-43B2-BE86-6CFAF987EBA2}.Debug|Any CPU.Build.0 = Debug|Any CPU
		{9C068B9C-127C-43B2-BE86-6CFAF987EBA2}.Release|Any CPU.ActiveCfg = Release|Any CPU
		{9C068B9C-127C-43B2-BE86-6CFAF987EBA2}.Release|Any CPU.Build.0 = Release|Any CPU
		{7EAB7C59-793C-44EC-BA26-D29B4E34C5A7}.Debug|Any CPU.ActiveCfg = Debug|Any CPU
		{7EAB7C59-793C-44EC-BA26-D29B4E34C5A7}.Debug|Any CPU.Build.0 = Debug|Any CPU
		{7EAB7C59-793C-44EC-BA26-D29B4E34C5A7}.Release|Any CPU.ActiveCfg = Release|Any CPU
		{7EAB7C59-793C-44EC-BA26-D29B4E34C5A7}.Release|Any CPU.Build.0 = Release|Any CPU
		{FA1142DA-D5A8-4977-83CD-3073A6D1F735}.Debug|Any CPU.ActiveCfg = Debug|Any CPU
		{FA1142DA-D5A8-4977-83CD-3073A6D1F735}.Debug|Any CPU.Build.0 = Debug|Any CPU
		{FA1142DA-D5A8-4977-83CD-3073A6D1F735}.Release|Any CPU.ActiveCfg = Release|Any CPU
		{FA1142DA-D5A8-4977-83CD-3073A6D1F735}.Release|Any CPU.Build.0 = Release|Any CPU
		{5E57D2CB-9F36-4C6D-9C92-EEF9A0D85353}.Debug|Any CPU.ActiveCfg = Debug|Any CPU
		{5E57D2CB-9F36-4C6D-9C92-EEF9A0D85353}.Debug|Any CPU.Build.0 = Debug|Any CPU
		{5E57D2CB-9F36-4C6D-9C92-EEF9A0D85353}.Release|Any CPU.ActiveCfg = Release|Any CPU
		{5E57D2CB-9F36-4C6D-9C92-EEF9A0D85353}.Release|Any CPU.Build.0 = Release|Any CPU
		{534298C1-57C2-4380-8548-E9E53919178B}.Debug|Any CPU.ActiveCfg = Debug|Any CPU
		{534298C1-57C2-4380-8548-E9E53919178B}.Debug|Any CPU.Build.0 = Debug|Any CPU
		{534298C1-57C2-4380-8548-E9E53919178B}.Release|Any CPU.ActiveCfg = Release|Any CPU
		{534298C1-57C2-4380-8548-E9E53919178B}.Release|Any CPU.Build.0 = Release|Any CPU
		{B7A06004-CE6F-4FA3-9FBC-15265CFFC53E}.Debug|Any CPU.ActiveCfg = Debug|Any CPU
		{B7A06004-CE6F-4FA3-9FBC-15265CFFC53E}.Debug|Any CPU.Build.0 = Debug|Any CPU
		{B7A06004-CE6F-4FA3-9FBC-15265CFFC53E}.Release|Any CPU.ActiveCfg = Release|Any CPU
		{B7A06004-CE6F-4FA3-9FBC-15265CFFC53E}.Release|Any CPU.Build.0 = Release|Any CPU
	EndGlobalSection
	GlobalSection(SolutionProperties) = preSolution
		HideSolutionNode = FALSE
	EndGlobalSection
	GlobalSection(NestedProjects) = preSolution
		{EF35F93C-3D6A-4BF8-A1BC-CDAF750EF9CE} = {8444482C-D25B-478B-B712-0A9BDCF3E3CF}
		{CD1C6A22-6351-4CDA-8C7A-43A98B0D6C85} = {EF35F93C-3D6A-4BF8-A1BC-CDAF750EF9CE}
		{8DF6C15B-6967-4E41-B253-5974F26D673A} = {8444482C-D25B-478B-B712-0A9BDCF3E3CF}
		{1012BF6A-FFA9-4F42-AD06-BDAD864363E5} = {8DF6C15B-6967-4E41-B253-5974F26D673A}
		{2E027FEA-27AE-4CEA-ACD0-83AE033A8755} = {8444482C-D25B-478B-B712-0A9BDCF3E3CF}
		{9D780FF6-6ED6-4CA2-A2D0-E198F62923CB} = {2E027FEA-27AE-4CEA-ACD0-83AE033A8755}
		{18F99EA5-CE12-48A1-9EC0-E8B8130DBA06} = {2E027FEA-27AE-4CEA-ACD0-83AE033A8755}
		{EA6C2B63-9A96-4B7D-A6E4-FBEFADCB15CC} = {8444482C-D25B-478B-B712-0A9BDCF3E3CF}
		{1404940E-5E5D-4AF2-A02D-5F18EF85F26D} = {EA6C2B63-9A96-4B7D-A6E4-FBEFADCB15CC}
		{E015C180-8CF3-4174-8822-9F25D252E97E} = {EA6C2B63-9A96-4B7D-A6E4-FBEFADCB15CC}
		{EFC36627-5E47-4917-94E7-949BC658DCD3} = {EA6C2B63-9A96-4B7D-A6E4-FBEFADCB15CC}
		{A3D77FBA-5934-4EF1-BA68-CA33E5E06822} = {EA6C2B63-9A96-4B7D-A6E4-FBEFADCB15CC}
		{214D2F5A-FE5B-4377-A1B0-43D7EAAF3078} = {32048D11-F8FB-4A8A-B16F-788831B64902}
		{E9CAEC1B-0FD2-4438-AE8D-B8C3CF358FC9} = {7C35BB38-33F8-4417-A657-E14C5E4761CA}
		{6B39001A-B246-4A31-A040-2223FA0C7218} = {7C35BB38-33F8-4417-A657-E14C5E4761CA}
		{9C068B9C-127C-43B2-BE86-6CFAF987EBA2} = {210A0082-CD27-4B01-936A-7A06D1C86FAF}
		{852DF5CA-3C07-4889-976E-7EDF383B9A03} = {8DF6C15B-6967-4E41-B253-5974F26D673A}
		{7EAB7C59-793C-44EC-BA26-D29B4E34C5A7} = {852DF5CA-3C07-4889-976E-7EDF383B9A03}
		{D502FDD2-03E6-4C64-9C43-3805CBD4CC79} = {EF35F93C-3D6A-4BF8-A1BC-CDAF750EF9CE}
		{FA1142DA-D5A8-4977-83CD-3073A6D1F735} = {D502FDD2-03E6-4C64-9C43-3805CBD4CC79}
		{64412103-7AA2-4DF9-8FF2-84AB95D6B2C8} = {2E027FEA-27AE-4CEA-ACD0-83AE033A8755}
		{5E57D2CB-9F36-4C6D-9C92-EEF9A0D85353} = {64412103-7AA2-4DF9-8FF2-84AB95D6B2C8}
		{956ABB7A-BD23-4232-8079-247D0A84BC81} = {EA6C2B63-9A96-4B7D-A6E4-FBEFADCB15CC}
		{534298C1-57C2-4380-8548-E9E53919178B} = {956ABB7A-BD23-4232-8079-247D0A84BC81}
		{B7A06004-CE6F-4FA3-9FBC-15265CFFC53E} = {956ABB7A-BD23-4232-8079-247D0A84BC81}
	EndGlobalSection
	GlobalSection(ExtensibilityGlobals) = postSolution
		SolutionGuid = {72EB8B66-398C-4AF7-9532-E17EEB0476E0}
	EndGlobalSection
EndGlobal
